// !$*UTF8*$!
{
	archiveVersion = 1;
	classes = {
	};
	objectVersion = 50;
	objects = {

/* Begin PBXBuildFile section */
		7494ED6337EE9CA3BBC24685 /* Pods_Cybertron.framework in Frameworks */ = {isa = PBXBuildFile; fileRef = 1E15570E59BD39F5CF8EBAC3 /* Pods_Cybertron.framework */; };
		AF0807F0217CCA4D0023101F /* TransformerCell.swift in Sources */ = {isa = PBXBuildFile; fileRef = AF0807EE217CCA4D0023101F /* TransformerCell.swift */; };
		AF0807F1217CCA4D0023101F /* TransformerCell.xib in Resources */ = {isa = PBXBuildFile; fileRef = AF0807EF217CCA4D0023101F /* TransformerCell.xib */; };
		AF0807F3217CD2390023101F /* TransformerViewModel.swift in Sources */ = {isa = PBXBuildFile; fileRef = AF0807F2217CD2390023101F /* TransformerViewModel.swift */; };
		AF0807F5217CD5140023101F /* UIImageView.swift in Sources */ = {isa = PBXBuildFile; fileRef = AF0807F4217CD5140023101F /* UIImageView.swift */; };
		AF0807F7217CD9720023101F /* UIViewController.swift in Sources */ = {isa = PBXBuildFile; fileRef = AF0807F6217CD9720023101F /* UIViewController.swift */; };
		AF0807FA217CDE920023101F /* UIColor.swift in Sources */ = {isa = PBXBuildFile; fileRef = AF0807F9217CDE920023101F /* UIColor.swift */; };
		AF0807FD217CE1C20023101F /* CBTNavigationController.swift in Sources */ = {isa = PBXBuildFile; fileRef = AF0807FC217CE1C20023101F /* CBTNavigationController.swift */; };
		AF080801217CEB840023101F /* CreateTransformerController.swift in Sources */ = {isa = PBXBuildFile; fileRef = AF080800217CEB840023101F /* CreateTransformerController.swift */; };
		AF080803217CEBA40023101F /* CreateTransformerViewModel.swift in Sources */ = {isa = PBXBuildFile; fileRef = AF080802217CEBA40023101F /* CreateTransformerViewModel.swift */; };
		AF080805217CEBB60023101F /* CreateTransformerController.xib in Resources */ = {isa = PBXBuildFile; fileRef = AF080804217CEBB60023101F /* CreateTransformerController.xib */; };
		AF080807217CF8120023101F /* FormWrapView.swift in Sources */ = {isa = PBXBuildFile; fileRef = AF080806217CF8120023101F /* FormWrapView.swift */; };
		AF08080A217D2A040023101F /* WarController.swift in Sources */ = {isa = PBXBuildFile; fileRef = AF080809217D2A040023101F /* WarController.swift */; };
		AF08080C217D2A1B0023101F /* WarViewModel.swift in Sources */ = {isa = PBXBuildFile; fileRef = AF08080B217D2A1B0023101F /* WarViewModel.swift */; };
		AF08080E217D2A2D0023101F /* WarController.xib in Resources */ = {isa = PBXBuildFile; fileRef = AF08080D217D2A2D0023101F /* WarController.xib */; };
		AF080810217D2BD00023101F /* CBTRoundImageView.swift in Sources */ = {isa = PBXBuildFile; fileRef = AF08080F217D2BD00023101F /* CBTRoundImageView.swift */; };
		AF26A525217A9903005FF474 /* BattleFieldManager.swift in Sources */ = {isa = PBXBuildFile; fileRef = AF26A524217A9903005FF474 /* BattleFieldManager.swift */; };
		AF26A527217A9D11005FF474 /* WarResult.swift in Sources */ = {isa = PBXBuildFile; fileRef = AF26A526217A9D11005FF474 /* WarResult.swift */; };
		AF30261B217B8936006A59EF /* WarTests.swift in Sources */ = {isa = PBXBuildFile; fileRef = AF30261A217B8936006A59EF /* WarTests.swift */; };
		AF30261D217BA85A006A59EF /* BattleTests.swift in Sources */ = {isa = PBXBuildFile; fileRef = AF30261C217BA85A006A59EF /* BattleTests.swift */; };
		AF302620217BAC04006A59EF /* TransformerService.swift in Sources */ = {isa = PBXBuildFile; fileRef = AF30261F217BAC04006A59EF /* TransformerService.swift */; };
		AF302622217BADCA006A59EF /* Const.swift in Sources */ = {isa = PBXBuildFile; fileRef = AF302621217BADCA006A59EF /* Const.swift */; };
		AF302624217BB72A006A59EF /* MyError.swift in Sources */ = {isa = PBXBuildFile; fileRef = AF302623217BB72A006A59EF /* MyError.swift */; };
		AF31BC91217A75C6001E25EB /* AppDelegate.swift in Sources */ = {isa = PBXBuildFile; fileRef = AF31BC90217A75C6001E25EB /* AppDelegate.swift */; };
		AF31BC93217A75C6001E25EB /* ViewController.swift in Sources */ = {isa = PBXBuildFile; fileRef = AF31BC92217A75C6001E25EB /* ViewController.swift */; };
		AF31BC96217A75C6001E25EB /* Main.storyboard in Resources */ = {isa = PBXBuildFile; fileRef = AF31BC94217A75C6001E25EB /* Main.storyboard */; };
		AF31BC98217A75C8001E25EB /* Assets.xcassets in Resources */ = {isa = PBXBuildFile; fileRef = AF31BC97217A75C8001E25EB /* Assets.xcassets */; };
		AF31BC9B217A75C8001E25EB /* LaunchScreen.storyboard in Resources */ = {isa = PBXBuildFile; fileRef = AF31BC99217A75C8001E25EB /* LaunchScreen.storyboard */; };
		AF31BCAC217A7E52001E25EB /* Transformer.swift in Sources */ = {isa = PBXBuildFile; fileRef = AF31BCAB217A7E52001E25EB /* Transformer.swift */; };
		AF31BCAE217A7FC1001E25EB /* Team.swift in Sources */ = {isa = PBXBuildFile; fileRef = AF31BCAD217A7FC1001E25EB /* Team.swift */; };
		AF31BCB6217A80C4001E25EB /* CybertronTests.swift in Sources */ = {isa = PBXBuildFile; fileRef = AF31BCB5217A80C4001E25EB /* CybertronTests.swift */; };
		AF31BCBE217A81E5001E25EB /* TransformerManager.swift in Sources */ = {isa = PBXBuildFile; fileRef = AF31BCBD217A81E5001E25EB /* TransformerManager.swift */; };
		AF31BCC1217A8316001E25EB /* TransformersListController.swift in Sources */ = {isa = PBXBuildFile; fileRef = AF31BCC0217A8316001E25EB /* TransformersListController.swift */; };
		AF31BCC3217A8322001E25EB /* TransformersListViewModel.swift in Sources */ = {isa = PBXBuildFile; fileRef = AF31BCC2217A8322001E25EB /* TransformersListViewModel.swift */; };
		AF31BCC5217A842D001E25EB /* TransformersListController.xib in Resources */ = {isa = PBXBuildFile; fileRef = AF31BCC4217A842D001E25EB /* TransformersListController.xib */; };
/* End PBXBuildFile section */

/* Begin PBXContainerItemProxy section */
		AF31BCB8217A80C4001E25EB /* PBXContainerItemProxy */ = {
			isa = PBXContainerItemProxy;
			containerPortal = AF31BC85217A75C6001E25EB /* Project object */;
			proxyType = 1;
			remoteGlobalIDString = AF31BC8C217A75C6001E25EB;
			remoteInfo = Cybertron;
		};
/* End PBXContainerItemProxy section */

/* Begin PBXFileReference section */
		1E15570E59BD39F5CF8EBAC3 /* Pods_Cybertron.framework */ = {isa = PBXFileReference; explicitFileType = wrapper.framework; includeInIndex = 0; path = Pods_Cybertron.framework; sourceTree = BUILT_PRODUCTS_DIR; };
		4988A48CA201E30A1446AD71 /* Pods-Cybertron.debug.xcconfig */ = {isa = PBXFileReference; includeInIndex = 1; lastKnownFileType = text.xcconfig; name = "Pods-Cybertron.debug.xcconfig"; path = "Pods/Target Support Files/Pods-Cybertron/Pods-Cybertron.debug.xcconfig"; sourceTree = "<group>"; };
		4C199E5A19ED8DD57B449143 /* Pods-Cybertron.release.xcconfig */ = {isa = PBXFileReference; includeInIndex = 1; lastKnownFileType = text.xcconfig; name = "Pods-Cybertron.release.xcconfig"; path = "Pods/Target Support Files/Pods-Cybertron/Pods-Cybertron.release.xcconfig"; sourceTree = "<group>"; };
		AF0807EE217CCA4D0023101F /* TransformerCell.swift */ = {isa = PBXFileReference; lastKnownFileType = sourcecode.swift; path = TransformerCell.swift; sourceTree = "<group>"; };
		AF0807EF217CCA4D0023101F /* TransformerCell.xib */ = {isa = PBXFileReference; lastKnownFileType = file.xib; path = TransformerCell.xib; sourceTree = "<group>"; };
		AF0807F2217CD2390023101F /* TransformerViewModel.swift */ = {isa = PBXFileReference; lastKnownFileType = sourcecode.swift; path = TransformerViewModel.swift; sourceTree = "<group>"; };
		AF0807F4217CD5140023101F /* UIImageView.swift */ = {isa = PBXFileReference; lastKnownFileType = sourcecode.swift; path = UIImageView.swift; sourceTree = "<group>"; };
		AF0807F6217CD9720023101F /* UIViewController.swift */ = {isa = PBXFileReference; lastKnownFileType = sourcecode.swift; path = UIViewController.swift; sourceTree = "<group>"; };
		AF0807F9217CDE920023101F /* UIColor.swift */ = {isa = PBXFileReference; lastKnownFileType = sourcecode.swift; path = UIColor.swift; sourceTree = "<group>"; };
		AF0807FC217CE1C20023101F /* CBTNavigationController.swift */ = {isa = PBXFileReference; lastKnownFileType = sourcecode.swift; path = CBTNavigationController.swift; sourceTree = "<group>"; };
		AF080800217CEB840023101F /* CreateTransformerController.swift */ = {isa = PBXFileReference; lastKnownFileType = sourcecode.swift; path = CreateTransformerController.swift; sourceTree = "<group>"; };
		AF080802217CEBA40023101F /* CreateTransformerViewModel.swift */ = {isa = PBXFileReference; lastKnownFileType = sourcecode.swift; path = CreateTransformerViewModel.swift; sourceTree = "<group>"; };
		AF080804217CEBB60023101F /* CreateTransformerController.xib */ = {isa = PBXFileReference; lastKnownFileType = file.xib; path = CreateTransformerController.xib; sourceTree = "<group>"; };
		AF080806217CF8120023101F /* FormWrapView.swift */ = {isa = PBXFileReference; lastKnownFileType = sourcecode.swift; path = FormWrapView.swift; sourceTree = "<group>"; };
		AF080809217D2A040023101F /* WarController.swift */ = {isa = PBXFileReference; lastKnownFileType = sourcecode.swift; path = WarController.swift; sourceTree = "<group>"; };
		AF08080B217D2A1B0023101F /* WarViewModel.swift */ = {isa = PBXFileReference; lastKnownFileType = sourcecode.swift; path = WarViewModel.swift; sourceTree = "<group>"; };
		AF08080D217D2A2D0023101F /* WarController.xib */ = {isa = PBXFileReference; lastKnownFileType = file.xib; path = WarController.xib; sourceTree = "<group>"; };
		AF08080F217D2BD00023101F /* CBTRoundImageView.swift */ = {isa = PBXFileReference; lastKnownFileType = sourcecode.swift; path = CBTRoundImageView.swift; sourceTree = "<group>"; };
		AF26A524217A9903005FF474 /* BattleFieldManager.swift */ = {isa = PBXFileReference; lastKnownFileType = sourcecode.swift; path = BattleFieldManager.swift; sourceTree = "<group>"; };
		AF26A526217A9D11005FF474 /* WarResult.swift */ = {isa = PBXFileReference; lastKnownFileType = sourcecode.swift; path = WarResult.swift; sourceTree = "<group>"; };
		AF30261A217B8936006A59EF /* WarTests.swift */ = {isa = PBXFileReference; lastKnownFileType = sourcecode.swift; path = WarTests.swift; sourceTree = "<group>"; };
		AF30261C217BA85A006A59EF /* BattleTests.swift */ = {isa = PBXFileReference; lastKnownFileType = sourcecode.swift; path = BattleTests.swift; sourceTree = "<group>"; };
		AF30261F217BAC04006A59EF /* TransformerService.swift */ = {isa = PBXFileReference; lastKnownFileType = sourcecode.swift; path = TransformerService.swift; sourceTree = "<group>"; };
		AF302621217BADCA006A59EF /* Const.swift */ = {isa = PBXFileReference; lastKnownFileType = sourcecode.swift; path = Const.swift; sourceTree = "<group>"; };
		AF302623217BB72A006A59EF /* MyError.swift */ = {isa = PBXFileReference; lastKnownFileType = sourcecode.swift; path = MyError.swift; sourceTree = "<group>"; };
		AF31BC8D217A75C6001E25EB /* Cybertron.app */ = {isa = PBXFileReference; explicitFileType = wrapper.application; includeInIndex = 0; path = Cybertron.app; sourceTree = BUILT_PRODUCTS_DIR; };
		AF31BC90217A75C6001E25EB /* AppDelegate.swift */ = {isa = PBXFileReference; lastKnownFileType = sourcecode.swift; path = AppDelegate.swift; sourceTree = "<group>"; };
		AF31BC92217A75C6001E25EB /* ViewController.swift */ = {isa = PBXFileReference; lastKnownFileType = sourcecode.swift; path = ViewController.swift; sourceTree = "<group>"; };
		AF31BC95217A75C6001E25EB /* Base */ = {isa = PBXFileReference; lastKnownFileType = file.storyboard; name = Base; path = Base.lproj/Main.storyboard; sourceTree = "<group>"; };
		AF31BC97217A75C8001E25EB /* Assets.xcassets */ = {isa = PBXFileReference; lastKnownFileType = folder.assetcatalog; path = Assets.xcassets; sourceTree = "<group>"; };
		AF31BC9A217A75C8001E25EB /* Base */ = {isa = PBXFileReference; lastKnownFileType = file.storyboard; name = Base; path = Base.lproj/LaunchScreen.storyboard; sourceTree = "<group>"; };
		AF31BC9C217A75C8001E25EB /* Info.plist */ = {isa = PBXFileReference; lastKnownFileType = text.plist.xml; path = Info.plist; sourceTree = "<group>"; };
		AF31BCAB217A7E52001E25EB /* Transformer.swift */ = {isa = PBXFileReference; lastKnownFileType = sourcecode.swift; path = Transformer.swift; sourceTree = "<group>"; };
		AF31BCAD217A7FC1001E25EB /* Team.swift */ = {isa = PBXFileReference; lastKnownFileType = sourcecode.swift; path = Team.swift; sourceTree = "<group>"; };
		AF31BCB3217A80C4001E25EB /* CybertronTests.xctest */ = {isa = PBXFileReference; explicitFileType = wrapper.cfbundle; includeInIndex = 0; path = CybertronTests.xctest; sourceTree = BUILT_PRODUCTS_DIR; };
		AF31BCB5217A80C4001E25EB /* CybertronTests.swift */ = {isa = PBXFileReference; lastKnownFileType = sourcecode.swift; path = CybertronTests.swift; sourceTree = "<group>"; };
		AF31BCB7217A80C4001E25EB /* Info.plist */ = {isa = PBXFileReference; lastKnownFileType = text.plist.xml; path = Info.plist; sourceTree = "<group>"; };
		AF31BCBD217A81E5001E25EB /* TransformerManager.swift */ = {isa = PBXFileReference; lastKnownFileType = sourcecode.swift; path = TransformerManager.swift; sourceTree = "<group>"; };
		AF31BCC0217A8316001E25EB /* TransformersListController.swift */ = {isa = PBXFileReference; lastKnownFileType = sourcecode.swift; path = TransformersListController.swift; sourceTree = "<group>"; };
		AF31BCC2217A8322001E25EB /* TransformersListViewModel.swift */ = {isa = PBXFileReference; lastKnownFileType = sourcecode.swift; path = TransformersListViewModel.swift; sourceTree = "<group>"; };
		AF31BCC4217A842D001E25EB /* TransformersListController.xib */ = {isa = PBXFileReference; lastKnownFileType = file.xib; path = TransformersListController.xib; sourceTree = "<group>"; };
/* End PBXFileReference section */

/* Begin PBXFrameworksBuildPhase section */
		AF31BC8A217A75C6001E25EB /* Frameworks */ = {
			isa = PBXFrameworksBuildPhase;
			buildActionMask = 2147483647;
			files = (
				7494ED6337EE9CA3BBC24685 /* Pods_Cybertron.framework in Frameworks */,
			);
			runOnlyForDeploymentPostprocessing = 0;
		};
		AF31BCB0217A80C4001E25EB /* Frameworks */ = {
			isa = PBXFrameworksBuildPhase;
			buildActionMask = 2147483647;
			files = (
			);
			runOnlyForDeploymentPostprocessing = 0;
		};
/* End PBXFrameworksBuildPhase section */

/* Begin PBXGroup section */
		52A9FEAA06B20E27A7F91F4F /* Pods */ = {
			isa = PBXGroup;
			children = (
				4988A48CA201E30A1446AD71 /* Pods-Cybertron.debug.xcconfig */,
				4C199E5A19ED8DD57B449143 /* Pods-Cybertron.release.xcconfig */,
			);
			name = Pods;
			sourceTree = "<group>";
		};
		AF0807ED217CCA2D0023101F /* Cells */ = {
			isa = PBXGroup;
			children = (
				AF0807EE217CCA4D0023101F /* TransformerCell.swift */,
				AF0807F2217CD2390023101F /* TransformerViewModel.swift */,
				AF0807EF217CCA4D0023101F /* TransformerCell.xib */,
			);
			path = Cells;
			sourceTree = "<group>";
		};
		AF0807FE217CEB1F0023101F /* Create Transformer */ = {
			isa = PBXGroup;
			children = (
				AF080800217CEB840023101F /* CreateTransformerController.swift */,
				AF080802217CEBA40023101F /* CreateTransformerViewModel.swift */,
				AF080804217CEBB60023101F /* CreateTransformerController.xib */,
			);
			path = "Create Transformer";
			sourceTree = "<group>";
		};
		AF0807FF217CEB500023101F /* Transformer Details  */ = {
			isa = PBXGroup;
			children = (
			);
			path = "Transformer Details ";
			sourceTree = "<group>";
		};
		AF080808217D29EF0023101F /* War */ = {
			isa = PBXGroup;
			children = (
				AF080809217D2A040023101F /* WarController.swift */,
				AF08080B217D2A1B0023101F /* WarViewModel.swift */,
				AF08080D217D2A2D0023101F /* WarController.xib */,
			);
			path = War;
			sourceTree = "<group>";
		};
		AF26A528217AA06A005FF474 /* Extensions */ = {
			isa = PBXGroup;
			children = (
				AF0807F4217CD5140023101F /* UIImageView.swift */,
				AF0807F6217CD9720023101F /* UIViewController.swift */,
				AF0807F9217CDE920023101F /* UIColor.swift */,
			);
			path = Extensions;
			sourceTree = "<group>";
		};
		AF30261E217BABE3006A59EF /* Services API */ = {
			isa = PBXGroup;
			children = (
				AF30261F217BAC04006A59EF /* TransformerService.swift */,
			);
			path = "Services API";
			sourceTree = "<group>";
		};
		AF31BC84217A75C6001E25EB = {
			isa = PBXGroup;
			children = (
				AF31BC8F217A75C6001E25EB /* Cybertron */,
				AF31BCB4217A80C4001E25EB /* CybertronTests */,
				AF31BC8E217A75C6001E25EB /* Products */,
				52A9FEAA06B20E27A7F91F4F /* Pods */,
				C8AA64A42400363D29116507 /* Frameworks */,
			);
			sourceTree = "<group>";
		};
		AF31BC8E217A75C6001E25EB /* Products */ = {
			isa = PBXGroup;
			children = (
				AF31BC8D217A75C6001E25EB /* Cybertron.app */,
				AF31BCB3217A80C4001E25EB /* CybertronTests.xctest */,
			);
			name = Products;
			sourceTree = "<group>";
		};
		AF31BC8F217A75C6001E25EB /* Cybertron */ = {
			isa = PBXGroup;
			children = (
				AF31BCA6217A7A1C001E25EB /* Supporting Files */,
				AF30261E217BABE3006A59EF /* Services API */,
				AF26A528217AA06A005FF474 /* Extensions */,
				AF31BCAA217A7E20001E25EB /* Model */,
				AF31BCA9217A7BA8001E25EB /* Managers */,
				AF31BCA8217A7B7B001E25EB /* Scenes */,
				AF31BCA7217A7A29001E25EB /* Resources */,
				AF31BC92217A75C6001E25EB /* ViewController.swift */,
				AF31BC9C217A75C8001E25EB /* Info.plist */,
			);
			path = Cybertron;
			sourceTree = "<group>";
		};
		AF31BCA6217A7A1C001E25EB /* Supporting Files */ = {
			isa = PBXGroup;
			children = (
				AF31BC90217A75C6001E25EB /* AppDelegate.swift */,
				AF302621217BADCA006A59EF /* Const.swift */,
				AF302623217BB72A006A59EF /* MyError.swift */,
				AF0807FC217CE1C20023101F /* CBTNavigationController.swift */,
				AF080806217CF8120023101F /* FormWrapView.swift */,
				AF08080F217D2BD00023101F /* CBTRoundImageView.swift */,
			);
			path = "Supporting Files";
			sourceTree = "<group>";
		};
		AF31BCA7217A7A29001E25EB /* Resources */ = {
			isa = PBXGroup;
			children = (
				AF31BC94217A75C6001E25EB /* Main.storyboard */,
				AF31BC99217A75C8001E25EB /* LaunchScreen.storyboard */,
				AF31BC97217A75C8001E25EB /* Assets.xcassets */,
			);
			path = Resources;
			sourceTree = "<group>";
		};
		AF31BCA8217A7B7B001E25EB /* Scenes */ = {
			isa = PBXGroup;
			children = (
				AF080808217D29EF0023101F /* War */,
				AF0807FF217CEB500023101F /* Transformer Details  */,
				AF0807FE217CEB1F0023101F /* Create Transformer */,
				AF31BCBF217A8302001E25EB /* Transformers List */,
			);
			path = Scenes;
			sourceTree = "<group>";
		};
		AF31BCA9217A7BA8001E25EB /* Managers */ = {
			isa = PBXGroup;
			children = (
				AF31BCBD217A81E5001E25EB /* TransformerManager.swift */,
				AF26A524217A9903005FF474 /* BattleFieldManager.swift */,
			);
			path = Managers;
			sourceTree = "<group>";
		};
		AF31BCAA217A7E20001E25EB /* Model */ = {
			isa = PBXGroup;
			children = (
				AF31BCAB217A7E52001E25EB /* Transformer.swift */,
				AF31BCAD217A7FC1001E25EB /* Team.swift */,
				AF26A526217A9D11005FF474 /* WarResult.swift */,
			);
			path = Model;
			sourceTree = "<group>";
		};
		AF31BCB4217A80C4001E25EB /* CybertronTests */ = {
			isa = PBXGroup;
			children = (
				AF31BCB5217A80C4001E25EB /* CybertronTests.swift */,
				AF30261A217B8936006A59EF /* WarTests.swift */,
				AF30261C217BA85A006A59EF /* BattleTests.swift */,
				AF31BCB7217A80C4001E25EB /* Info.plist */,
			);
			path = CybertronTests;
			sourceTree = "<group>";
		};
		AF31BCBF217A8302001E25EB /* Transformers List */ = {
			isa = PBXGroup;
			children = (
				AF31BCC0217A8316001E25EB /* TransformersListController.swift */,
				AF31BCC2217A8322001E25EB /* TransformersListViewModel.swift */,
				AF31BCC4217A842D001E25EB /* TransformersListController.xib */,
				AF0807ED217CCA2D0023101F /* Cells */,
			);
			path = "Transformers List";
			sourceTree = "<group>";
		};
		C8AA64A42400363D29116507 /* Frameworks */ = {
			isa = PBXGroup;
			children = (
				1E15570E59BD39F5CF8EBAC3 /* Pods_Cybertron.framework */,
			);
			name = Frameworks;
			sourceTree = "<group>";
		};
/* End PBXGroup section */

/* Begin PBXNativeTarget section */
		AF31BC8C217A75C6001E25EB /* Cybertron */ = {
			isa = PBXNativeTarget;
			buildConfigurationList = AF31BC9F217A75C8001E25EB /* Build configuration list for PBXNativeTarget "Cybertron" */;
			buildPhases = (
				5EB985BE5DC47D745615FDA1 /* [CP] Check Pods Manifest.lock */,
				AF31BC89217A75C6001E25EB /* Sources */,
				AF31BC8A217A75C6001E25EB /* Frameworks */,
				AF31BC8B217A75C6001E25EB /* Resources */,
				8EF4CC9D380BBF170FB25D0A /* [CP] Embed Pods Frameworks */,
			);
			buildRules = (
			);
			dependencies = (
			);
			name = Cybertron;
			productName = Cybertron;
			productReference = AF31BC8D217A75C6001E25EB /* Cybertron.app */;
			productType = "com.apple.product-type.application";
		};
		AF31BCB2217A80C4001E25EB /* CybertronTests */ = {
			isa = PBXNativeTarget;
			buildConfigurationList = AF31BCBA217A80C4001E25EB /* Build configuration list for PBXNativeTarget "CybertronTests" */;
			buildPhases = (
				AF31BCAF217A80C4001E25EB /* Sources */,
				AF31BCB0217A80C4001E25EB /* Frameworks */,
				AF31BCB1217A80C4001E25EB /* Resources */,
			);
			buildRules = (
			);
			dependencies = (
				AF31BCB9217A80C4001E25EB /* PBXTargetDependency */,
			);
			name = CybertronTests;
			productName = CybertronTests;
			productReference = AF31BCB3217A80C4001E25EB /* CybertronTests.xctest */;
			productType = "com.apple.product-type.bundle.unit-test";
		};
/* End PBXNativeTarget section */

/* Begin PBXProject section */
		AF31BC85217A75C6001E25EB /* Project object */ = {
			isa = PBXProject;
			attributes = {
				LastSwiftUpdateCheck = 1000;
				LastUpgradeCheck = 1000;
				ORGANIZATIONNAME = "Thiago Orniz Martin";
				TargetAttributes = {
					AF31BC8C217A75C6001E25EB = {
						CreatedOnToolsVersion = 10.0;
					};
					AF31BCB2217A80C4001E25EB = {
						CreatedOnToolsVersion = 10.0;
						TestTargetID = AF31BC8C217A75C6001E25EB;
					};
				};
			};
			buildConfigurationList = AF31BC88217A75C6001E25EB /* Build configuration list for PBXProject "Cybertron" */;
			compatibilityVersion = "Xcode 9.3";
			developmentRegion = en;
			hasScannedForEncodings = 0;
			knownRegions = (
				en,
				Base,
			);
			mainGroup = AF31BC84217A75C6001E25EB;
			productRefGroup = AF31BC8E217A75C6001E25EB /* Products */;
			projectDirPath = "";
			projectRoot = "";
			targets = (
				AF31BC8C217A75C6001E25EB /* Cybertron */,
				AF31BCB2217A80C4001E25EB /* CybertronTests */,
			);
		};
/* End PBXProject section */

/* Begin PBXResourcesBuildPhase section */
		AF31BC8B217A75C6001E25EB /* Resources */ = {
			isa = PBXResourcesBuildPhase;
			buildActionMask = 2147483647;
			files = (
				AF31BC9B217A75C8001E25EB /* LaunchScreen.storyboard in Resources */,
				AF08080E217D2A2D0023101F /* WarController.xib in Resources */,
				AF0807F1217CCA4D0023101F /* TransformerCell.xib in Resources */,
				AF31BCC5217A842D001E25EB /* TransformersListController.xib in Resources */,
				AF080805217CEBB60023101F /* CreateTransformerController.xib in Resources */,
				AF31BC98217A75C8001E25EB /* Assets.xcassets in Resources */,
				AF31BC96217A75C6001E25EB /* Main.storyboard in Resources */,
			);
			runOnlyForDeploymentPostprocessing = 0;
		};
		AF31BCB1217A80C4001E25EB /* Resources */ = {
			isa = PBXResourcesBuildPhase;
			buildActionMask = 2147483647;
			files = (
			);
			runOnlyForDeploymentPostprocessing = 0;
		};
/* End PBXResourcesBuildPhase section */

/* Begin PBXShellScriptBuildPhase section */
		5EB985BE5DC47D745615FDA1 /* [CP] Check Pods Manifest.lock */ = {
			isa = PBXShellScriptBuildPhase;
			buildActionMask = 2147483647;
			files = (
			);
			inputPaths = (
				"${PODS_PODFILE_DIR_PATH}/Podfile.lock",
				"${PODS_ROOT}/Manifest.lock",
			);
			name = "[CP] Check Pods Manifest.lock";
			outputPaths = (
				"$(DERIVED_FILE_DIR)/Pods-Cybertron-checkManifestLockResult.txt",
			);
			runOnlyForDeploymentPostprocessing = 0;
			shellPath = /bin/sh;
			shellScript = "diff \"${PODS_PODFILE_DIR_PATH}/Podfile.lock\" \"${PODS_ROOT}/Manifest.lock\" > /dev/null\nif [ $? != 0 ] ; then\n    # print error to STDERR\n    echo \"error: The sandbox is not in sync with the Podfile.lock. Run 'pod install' or update your CocoaPods installation.\" >&2\n    exit 1\nfi\n# This output is used by Xcode 'outputs' to avoid re-running this script phase.\necho \"SUCCESS\" > \"${SCRIPT_OUTPUT_FILE_0}\"\n";
			showEnvVarsInLog = 0;
		};
		8EF4CC9D380BBF170FB25D0A /* [CP] Embed Pods Frameworks */ = {
			isa = PBXShellScriptBuildPhase;
			buildActionMask = 2147483647;
			files = (
			);
			inputPaths = (
				"${SRCROOT}/Pods/Target Support Files/Pods-Cybertron/Pods-Cybertron-frameworks.sh",
				"${BUILT_PRODUCTS_DIR}/Alamofire/Alamofire.framework",
				"${BUILT_PRODUCTS_DIR}/AlamofireImage/AlamofireImage.framework",
				"${BUILT_PRODUCTS_DIR}/Moya/Moya.framework",
				"${BUILT_PRODUCTS_DIR}/Result/Result.framework",
			);
			name = "[CP] Embed Pods Frameworks";
			outputPaths = (
				"${TARGET_BUILD_DIR}/${FRAMEWORKS_FOLDER_PATH}/Alamofire.framework",
				"${TARGET_BUILD_DIR}/${FRAMEWORKS_FOLDER_PATH}/AlamofireImage.framework",
				"${TARGET_BUILD_DIR}/${FRAMEWORKS_FOLDER_PATH}/Moya.framework",
				"${TARGET_BUILD_DIR}/${FRAMEWORKS_FOLDER_PATH}/Result.framework",
			);
			runOnlyForDeploymentPostprocessing = 0;
			shellPath = /bin/sh;
			shellScript = "\"${SRCROOT}/Pods/Target Support Files/Pods-Cybertron/Pods-Cybertron-frameworks.sh\"\n";
			showEnvVarsInLog = 0;
		};
/* End PBXShellScriptBuildPhase section */

/* Begin PBXSourcesBuildPhase section */
		AF31BC89217A75C6001E25EB /* Sources */ = {
			isa = PBXSourcesBuildPhase;
			buildActionMask = 2147483647;
			files = (
				AF302624217BB72A006A59EF /* MyError.swift in Sources */,
				AF080810217D2BD00023101F /* CBTRoundImageView.swift in Sources */,
				AF31BCC3217A8322001E25EB /* TransformersListViewModel.swift in Sources */,
				AF08080C217D2A1B0023101F /* WarViewModel.swift in Sources */,
				AF31BCAE217A7FC1001E25EB /* Team.swift in Sources */,
				AF08080A217D2A040023101F /* WarController.swift in Sources */,
				AF31BCBE217A81E5001E25EB /* TransformerManager.swift in Sources */,
				AF080807217CF8120023101F /* FormWrapView.swift in Sources */,
				AF31BC93217A75C6001E25EB /* ViewController.swift in Sources */,
				AF0807FD217CE1C20023101F /* CBTNavigationController.swift in Sources */,
				AF31BCAC217A7E52001E25EB /* Transformer.swift in Sources */,
				AF0807FA217CDE920023101F /* UIColor.swift in Sources */,
				AF0807F5217CD5140023101F /* UIImageView.swift in Sources */,
				AF0807F3217CD2390023101F /* TransformerViewModel.swift in Sources */,
				AF302620217BAC04006A59EF /* TransformerService.swift in Sources */,
				AF080801217CEB840023101F /* CreateTransformerController.swift in Sources */,
				AF31BCC1217A8316001E25EB /* TransformersListController.swift in Sources */,
				AF26A527217A9D11005FF474 /* WarResult.swift in Sources */,
				AF0807F0217CCA4D0023101F /* TransformerCell.swift in Sources */,
				AF26A525217A9903005FF474 /* BattleFieldManager.swift in Sources */,
				AF080803217CEBA40023101F /* CreateTransformerViewModel.swift in Sources */,
				AF31BC91217A75C6001E25EB /* AppDelegate.swift in Sources */,
				AF0807F7217CD9720023101F /* UIViewController.swift in Sources */,
				AF302622217BADCA006A59EF /* Const.swift in Sources */,
			);
			runOnlyForDeploymentPostprocessing = 0;
		};
		AF31BCAF217A80C4001E25EB /* Sources */ = {
			isa = PBXSourcesBuildPhase;
			buildActionMask = 2147483647;
			files = (
				AF30261B217B8936006A59EF /* WarTests.swift in Sources */,
				AF31BCB6217A80C4001E25EB /* CybertronTests.swift in Sources */,
				AF30261D217BA85A006A59EF /* BattleTests.swift in Sources */,
			);
			runOnlyForDeploymentPostprocessing = 0;
		};
/* End PBXSourcesBuildPhase section */

/* Begin PBXTargetDependency section */
		AF31BCB9217A80C4001E25EB /* PBXTargetDependency */ = {
			isa = PBXTargetDependency;
			target = AF31BC8C217A75C6001E25EB /* Cybertron */;
			targetProxy = AF31BCB8217A80C4001E25EB /* PBXContainerItemProxy */;
		};
/* End PBXTargetDependency section */

/* Begin PBXVariantGroup section */
		AF31BC94217A75C6001E25EB /* Main.storyboard */ = {
			isa = PBXVariantGroup;
			children = (
				AF31BC95217A75C6001E25EB /* Base */,
			);
			name = Main.storyboard;
			sourceTree = "<group>";
		};
		AF31BC99217A75C8001E25EB /* LaunchScreen.storyboard */ = {
			isa = PBXVariantGroup;
			children = (
				AF31BC9A217A75C8001E25EB /* Base */,
			);
			name = LaunchScreen.storyboard;
			sourceTree = "<group>";
		};
/* End PBXVariantGroup section */

/* Begin XCBuildConfiguration section */
		AF31BC9D217A75C8001E25EB /* Debug */ = {
			isa = XCBuildConfiguration;
			buildSettings = {
				ALWAYS_SEARCH_USER_PATHS = NO;
				CLANG_ANALYZER_NONNULL = YES;
				CLANG_ANALYZER_NUMBER_OBJECT_CONVERSION = YES_AGGRESSIVE;
				CLANG_CXX_LANGUAGE_STANDARD = "gnu++14";
				CLANG_CXX_LIBRARY = "libc++";
				CLANG_ENABLE_MODULES = YES;
				CLANG_ENABLE_OBJC_ARC = YES;
				CLANG_ENABLE_OBJC_WEAK = YES;
				CLANG_WARN_BLOCK_CAPTURE_AUTORELEASING = YES;
				CLANG_WARN_BOOL_CONVERSION = YES;
				CLANG_WARN_COMMA = YES;
				CLANG_WARN_CONSTANT_CONVERSION = YES;
				CLANG_WARN_DEPRECATED_OBJC_IMPLEMENTATIONS = YES;
				CLANG_WARN_DIRECT_OBJC_ISA_USAGE = YES_ERROR;
				CLANG_WARN_DOCUMENTATION_COMMENTS = YES;
				CLANG_WARN_EMPTY_BODY = YES;
				CLANG_WARN_ENUM_CONVERSION = YES;
				CLANG_WARN_INFINITE_RECURSION = YES;
				CLANG_WARN_INT_CONVERSION = YES;
				CLANG_WARN_NON_LITERAL_NULL_CONVERSION = YES;
				CLANG_WARN_OBJC_IMPLICIT_RETAIN_SELF = YES;
				CLANG_WARN_OBJC_LITERAL_CONVERSION = YES;
				CLANG_WARN_OBJC_ROOT_CLASS = YES_ERROR;
				CLANG_WARN_RANGE_LOOP_ANALYSIS = YES;
				CLANG_WARN_STRICT_PROTOTYPES = YES;
				CLANG_WARN_SUSPICIOUS_MOVE = YES;
				CLANG_WARN_UNGUARDED_AVAILABILITY = YES_AGGRESSIVE;
				CLANG_WARN_UNREACHABLE_CODE = YES;
				CLANG_WARN__DUPLICATE_METHOD_MATCH = YES;
				CODE_SIGN_IDENTITY = "iPhone Developer";
				COPY_PHASE_STRIP = NO;
				DEBUG_INFORMATION_FORMAT = dwarf;
				ENABLE_STRICT_OBJC_MSGSEND = YES;
				ENABLE_TESTABILITY = YES;
				GCC_C_LANGUAGE_STANDARD = gnu11;
				GCC_DYNAMIC_NO_PIC = NO;
				GCC_NO_COMMON_BLOCKS = YES;
				GCC_OPTIMIZATION_LEVEL = 0;
				GCC_PREPROCESSOR_DEFINITIONS = (
					"DEBUG=1",
					"$(inherited)",
				);
				GCC_WARN_64_TO_32_BIT_CONVERSION = YES;
				GCC_WARN_ABOUT_RETURN_TYPE = YES_ERROR;
				GCC_WARN_UNDECLARED_SELECTOR = YES;
				GCC_WARN_UNINITIALIZED_AUTOS = YES_AGGRESSIVE;
				GCC_WARN_UNUSED_FUNCTION = YES;
				GCC_WARN_UNUSED_VARIABLE = YES;
				IPHONEOS_DEPLOYMENT_TARGET = 12.0;
				MTL_ENABLE_DEBUG_INFO = INCLUDE_SOURCE;
				MTL_FAST_MATH = YES;
				ONLY_ACTIVE_ARCH = YES;
				SDKROOT = iphoneos;
				SWIFT_ACTIVE_COMPILATION_CONDITIONS = DEBUG;
				SWIFT_OPTIMIZATION_LEVEL = "-Onone";
			};
			name = Debug;
		};
		AF31BC9E217A75C8001E25EB /* Release */ = {
			isa = XCBuildConfiguration;
			buildSettings = {
				ALWAYS_SEARCH_USER_PATHS = NO;
				CLANG_ANALYZER_NONNULL = YES;
				CLANG_ANALYZER_NUMBER_OBJECT_CONVERSION = YES_AGGRESSIVE;
				CLANG_CXX_LANGUAGE_STANDARD = "gnu++14";
				CLANG_CXX_LIBRARY = "libc++";
				CLANG_ENABLE_MODULES = YES;
				CLANG_ENABLE_OBJC_ARC = YES;
				CLANG_ENABLE_OBJC_WEAK = YES;
				CLANG_WARN_BLOCK_CAPTURE_AUTORELEASING = YES;
				CLANG_WARN_BOOL_CONVERSION = YES;
				CLANG_WARN_COMMA = YES;
				CLANG_WARN_CONSTANT_CONVERSION = YES;
				CLANG_WARN_DEPRECATED_OBJC_IMPLEMENTATIONS = YES;
				CLANG_WARN_DIRECT_OBJC_ISA_USAGE = YES_ERROR;
				CLANG_WARN_DOCUMENTATION_COMMENTS = YES;
				CLANG_WARN_EMPTY_BODY = YES;
				CLANG_WARN_ENUM_CONVERSION = YES;
				CLANG_WARN_INFINITE_RECURSION = YES;
				CLANG_WARN_INT_CONVERSION = YES;
				CLANG_WARN_NON_LITERAL_NULL_CONVERSION = YES;
				CLANG_WARN_OBJC_IMPLICIT_RETAIN_SELF = YES;
				CLANG_WARN_OBJC_LITERAL_CONVERSION = YES;
				CLANG_WARN_OBJC_ROOT_CLASS = YES_ERROR;
				CLANG_WARN_RANGE_LOOP_ANALYSIS = YES;
				CLANG_WARN_STRICT_PROTOTYPES = YES;
				CLANG_WARN_SUSPICIOUS_MOVE = YES;
				CLANG_WARN_UNGUARDED_AVAILABILITY = YES_AGGRESSIVE;
				CLANG_WARN_UNREACHABLE_CODE = YES;
				CLANG_WARN__DUPLICATE_METHOD_MATCH = YES;
				CODE_SIGN_IDENTITY = "iPhone Developer";
				COPY_PHASE_STRIP = NO;
				DEBUG_INFORMATION_FORMAT = "dwarf-with-dsym";
				ENABLE_NS_ASSERTIONS = NO;
				ENABLE_STRICT_OBJC_MSGSEND = YES;
				GCC_C_LANGUAGE_STANDARD = gnu11;
				GCC_NO_COMMON_BLOCKS = YES;
				GCC_WARN_64_TO_32_BIT_CONVERSION = YES;
				GCC_WARN_ABOUT_RETURN_TYPE = YES_ERROR;
				GCC_WARN_UNDECLARED_SELECTOR = YES;
				GCC_WARN_UNINITIALIZED_AUTOS = YES_AGGRESSIVE;
				GCC_WARN_UNUSED_FUNCTION = YES;
				GCC_WARN_UNUSED_VARIABLE = YES;
				IPHONEOS_DEPLOYMENT_TARGET = 12.0;
				MTL_ENABLE_DEBUG_INFO = NO;
				MTL_FAST_MATH = YES;
				SDKROOT = iphoneos;
				SWIFT_COMPILATION_MODE = wholemodule;
				SWIFT_OPTIMIZATION_LEVEL = "-O";
				VALIDATE_PRODUCT = YES;
			};
			name = Release;
		};
		AF31BCA0217A75C8001E25EB /* Debug */ = {
			isa = XCBuildConfiguration;
			baseConfigurationReference = 4988A48CA201E30A1446AD71 /* Pods-Cybertron.debug.xcconfig */;
			buildSettings = {
				ASSETCATALOG_COMPILER_APPICON_NAME = AppIcon;
				CODE_SIGN_IDENTITY = "iPhone Developer";
				CODE_SIGN_STYLE = Automatic;
				DEVELOPMENT_TEAM = K3URAB63J2;
				INFOPLIST_FILE = Cybertron/Info.plist;
				IPHONEOS_DEPLOYMENT_TARGET = 10.0;
				LD_RUNPATH_SEARCH_PATHS = "$(inherited) @executable_path/Frameworks";
				PRODUCT_BUNDLE_IDENTIFIER = com.transformers.cybertron;
				PRODUCT_NAME = "$(TARGET_NAME)";
				PROVISIONING_PROFILE_SPECIFIER = "";
				SWIFT_VERSION = 4.2;
				TARGETED_DEVICE_FAMILY = "1,2";
			};
			name = Debug;
		};
		AF31BCA1217A75C8001E25EB /* Release */ = {
			isa = XCBuildConfiguration;
			baseConfigurationReference = 4C199E5A19ED8DD57B449143 /* Pods-Cybertron.release.xcconfig */;
			buildSettings = {
				ASSETCATALOG_COMPILER_APPICON_NAME = AppIcon;
				CODE_SIGN_IDENTITY = "iPhone Developer";
				CODE_SIGN_STYLE = Automatic;
				DEVELOPMENT_TEAM = K3URAB63J2;
				INFOPLIST_FILE = Cybertron/Info.plist;
				IPHONEOS_DEPLOYMENT_TARGET = 10.0;
				LD_RUNPATH_SEARCH_PATHS = "$(inherited) @executable_path/Frameworks";
				PRODUCT_BUNDLE_IDENTIFIER = com.transformers.cybertron;
				PRODUCT_NAME = "$(TARGET_NAME)";
				PROVISIONING_PROFILE_SPECIFIER = "";
				SWIFT_VERSION = 4.2;
				TARGETED_DEVICE_FAMILY = "1,2";
			};
			name = Release;
		};
		AF31BCBB217A80C4001E25EB /* Debug */ = {
			isa = XCBuildConfiguration;
			buildSettings = {
				BUNDLE_LOADER = "$(TEST_HOST)";
				CODE_SIGN_STYLE = Automatic;
				DEVELOPMENT_TEAM = K3URAB63J2;
				INFOPLIST_FILE = CybertronTests/Info.plist;
				LD_RUNPATH_SEARCH_PATHS = "$(inherited) @executable_path/Frameworks @loader_path/Frameworks";
				PRODUCT_BUNDLE_IDENTIFIER = com.transformers.CybertronTests;
				PRODUCT_NAME = "$(TARGET_NAME)";
				SWIFT_VERSION = 4.2;
				TARGETED_DEVICE_FAMILY = "1,2";
				TEST_HOST = "$(BUILT_PRODUCTS_DIR)/Cybertron.app/Cybertron";
			};
			name = Debug;
		};
		AF31BCBC217A80C4001E25EB /* Release */ = {
			isa = XCBuildConfiguration;
			buildSettings = {
				BUNDLE_LOADER = "$(TEST_HOST)";
				CODE_SIGN_STYLE = Automatic;
				DEVELOPMENT_TEAM = K3URAB63J2;
				INFOPLIST_FILE = CybertronTests/Info.plist;
				LD_RUNPATH_SEARCH_PATHS = "$(inherited) @executable_path/Frameworks @loader_path/Frameworks";
				PRODUCT_BUNDLE_IDENTIFIER = com.transformers.CybertronTests;
				PRODUCT_NAME = "$(TARGET_NAME)";
				SWIFT_VERSION = 4.2;
				TARGETED_DEVICE_FAMILY = "1,2";
				TEST_HOST = "$(BUILT_PRODUCTS_DIR)/Cybertron.app/Cybertron";
			};
			name = Release;
		};
/* End XCBuildConfiguration section */

/* Begin XCConfigurationList section */
		AF31BC88217A75C6001E25EB /* Build configuration list for PBXProject "Cybertron" */ = {
			isa = XCConfigurationList;
			buildConfigurations = (
				AF31BC9D217A75C8001E25EB /* Debug */,
				AF31BC9E217A75C8001E25EB /* Release */,
			);
			defaultConfigurationIsVisible = 0;
			defaultConfigurationName = Release;
		};
		AF31BC9F217A75C8001E25EB /* Build configuration list for PBXNativeTarget "Cybertron" */ = {
			isa = XCConfigurationList;
			buildConfigurations = (
				AF31BCA0217A75C8001E25EB /* Debug */,
				AF31BCA1217A75C8001E25EB /* Release */,
			);
			defaultConfigurationIsVisible = 0;
			defaultConfigurationName = Release;
		};
		AF31BCBA217A80C4001E25EB /* Build configuration list for PBXNativeTarget "CybertronTests" */ = {
			isa = XCConfigurationList;
			buildConfigurations = (
				AF31BCBB217A80C4001E25EB /* Debug */,
				AF31BCBC217A80C4001E25EB /* Release */,
			);
			defaultConfigurationIsVisible = 0;
			defaultConfigurationName = Release;
		};
/* End XCConfigurationList section */
	};
	rootObject = AF31BC85217A75C6001E25EB /* Project object */;
}
